{
  "name": "palette-aldente",
  "version": "1.5.0",
  "lockfileVersion": 1,
  "requires": true,
  "dependencies": {
    "@rollup/plugin-json": {
      "version": "5.0.2",
      "resolved": "https://registry.npmjs.org/@rollup/plugin-json/-/plugin-json-5.0.2.tgz",
      "integrity": "sha512-D1CoOT2wPvadWLhVcmpkDnesTzjhNIQRWLsc3fA49IFOP2Y84cFOOJ+nKGYedvXHKUsPeq07HR4hXpBBr+CHlA==",
      "dev": true,
      "requires": {
        "@rollup/pluginutils": "^5.0.1"
      }
    },
    "@rollup/pluginutils": {
      "version": "5.0.2",
      "resolved": "https://registry.npmjs.org/@rollup/pluginutils/-/pluginutils-5.0.2.tgz",
      "integrity": "sha512-pTd9rIsP92h+B6wWwFbW8RkZv4hiR/xKsqre4SIuAOaOEQRxi0lqLke9k2/7WegC85GgUs9pjmOjCUi3In4vwA==",
      "dev": true,
      "requires": {
        "@types/estree": "^1.0.0",
        "estree-walker": "^2.0.2",
        "picomatch": "^2.3.1"
      }
    },
    "@types/estree": {
      "version": "1.0.0",
      "resolved": "https://registry.npmjs.org/@types/estree/-/estree-1.0.0.tgz",
      "integrity": "sha512-WulqXMDUTYAXCjZnk6JtIHPigp55cVtDgDrO2gHRwhyJto21+1zbVCtOYB2L1F9w4qCQ0rOGWBnBe0FNTiEJIQ==",
      "dev": true
    },
    "argparse": {
      "version": "2.0.1",
      "resolved": "https://registry.npmjs.org/argparse/-/argparse-2.0.1.tgz",
      "integrity": "sha512-8+9WqebbFzpX9OR+Wa6O29asIogeRMzcGtAINdpMHHyAg10f05aSFVBbcEqGf/PXw1EjAZ+q2/bEBg3DvurK3Q=="
    },
    "chalk": {
      "version": "5.1.2",
      "resolved": "https://registry.npmjs.org/chalk/-/chalk-5.1.2.tgz",
      "integrity": "sha512-E5CkT4jWURs1Vy5qGJye+XwCkNj7Od3Af7CP6SujMetSMkLs8Do2RWJK5yx1wamHV/op8Rz+9rltjaTQWDnEFQ=="
    },
    "color-name-api": {
      "version": "0.3.0",
      "resolved": "https://registry.npmjs.org/color-name-api/-/color-name-api-0.3.0.tgz",
      "integrity": "sha512-catiod86Au6g+f+ie0gaPmx5SS2GrfSW4l9TGd65TTARdhc/ONhk+3HZ6D2Nog2gpCRzjLyOndcfdszMfejTlg==",
      "requires": {
        "color-name-list": "^9.22.0",
        "color-name-lists": "^3.6.0",
        "culori": "^2.0.3"
      }
    },
    "color-name-list": {
      "version": "9.26.1",
      "resolved": "https://registry.npmjs.org/color-name-list/-/color-name-list-9.26.1.tgz",
      "integrity": "sha512-JqRn70A7LLqdxjK8k6ONgezzZkx0Dg2AMV5985rxEvG1Tg5wrwR7u6NlZ5OPZsyytlwy0I4DSZ6FoxDogTsQqQ=="
    },
    "color-name-lists": {
      "version": "3.8.1",
      "resolved": "https://registry.npmjs.org/color-name-lists/-/color-name-lists-3.8.1.tgz",
      "integrity": "sha512-+fRg255TMo8ugp3N7kHJ/H/h7zTGsIw6QK1tEo7a4gXZRzUADExjM75iIVUZNWFGBfHfNKzX5DVwXDzat/sZuA==",
      "requires": {
        "color-standards-and-color-nomenclature": "^1.1.0",
        "riso-colors": "^1.0.1",
        "wikipedia-color-names": "^1.8.1"
      }
    },
    "color-standards-and-color-nomenclature": {
      "version": "1.1.0",
      "resolved": "https://registry.npmjs.org/color-standards-and-color-nomenclature/-/color-standards-and-color-nomenclature-1.1.0.tgz",
      "integrity": "sha512-vTysC6+ph3IP7ELJwStXb+OQq0XDkYmg+778e8+IwBnxZK5u5/ahB/wgBEZl/tyOQJx/MjXrzmULAYKPuaFi2g=="
    },
    "commander": {
      "version": "9.4.1",
      "resolved": "https://registry.npmjs.org/commander/-/commander-9.4.1.tgz",
      "integrity": "sha512-5EEkTNyHNGFPD2H+c/dXXfQZYa/scCKasxWcXJaWnNJ99pnQN9Vnmqow+p+PlFPE63Q6mThaZws1T+HxfpgtPw=="
    },
    "culori": {
      "version": "2.0.3",
      "resolved": "https://registry.npmjs.org/culori/-/culori-2.0.3.tgz",
      "integrity": "sha512-920cvHdCgdrkmiTgV09/qyGpk3d0RrktiU38bUigBDrNcK/19xRobKBzhSGoBpS9dy03P1OfC8zorQcnZKkK7A=="
    },
    "estree-walker": {
      "version": "2.0.2",
      "resolved": "https://registry.npmjs.org/estree-walker/-/estree-walker-2.0.2.tgz",
      "integrity": "sha512-Rfkk/Mp/DL7JVje3u18FxFujQlTNR2q6QfMSMB7AvCBx91NGj/ba3kCfza0f6dVDbw7YlRf/nDrn7pQrCCyQ/w==",
      "dev": true
    },
    "fsevents": {
      "version": "2.3.2",
      "resolved": "https://registry.npmjs.org/fsevents/-/fsevents-2.3.2.tgz",
      "integrity": "sha512-xiqMQR4xAeHTuB9uWm+fFRcIOgKBMiOBP+eXiyT7jsgVCq1bkVygt00oASowB7EdtpOHaaPgKt812P9ab+DDKA==",
      "dev": true,
      "optional": true
    },
    "js-yaml": {
      "version": "4.1.0",
      "resolved": "https://registry.npmjs.org/js-yaml/-/js-yaml-4.1.0.tgz",
      "integrity": "sha512-wpxZs9NoxZaJESJGIZTyDEaYpl0FKSA+FB9aJiyemKhMwkxQg63h4T1KJgUGHpTqPDNRcmmYLugrRjJlBtWvRA==",
      "requires": {
        "argparse": "^2.0.1"
      }
    },
    "picomatch": {
      "version": "2.3.1",
      "resolved": "https://registry.npmjs.org/picomatch/-/picomatch-2.3.1.tgz",
      "integrity": "sha512-JU3teHTNjmE2VCGFzuY8EXzCDVwEqB2a8fsIvwaStHhAWJEeVd1o1QD80CU6+ZdEXXSLbSsuLwJjkCBWqRQUVA==",
      "dev": true
    },
    "riso-colors": {
      "version": "1.0.1",
      "resolved": "https://registry.npmjs.org/riso-colors/-/riso-colors-1.0.1.tgz",
      "integrity": "sha512-foLj2eUiyft2hOe7PzsT9qcT+zLnkw3pGesPQv6JG93OJ0+1J0fdCwdtwxDDCqnYDdgRatKbrb0qhB95vhZ2wQ=="
    },
    "rollup": {
      "version": "3.5.0",
      "resolved": "https://registry.npmjs.org/rollup/-/rollup-3.5.0.tgz",
      "integrity": "sha512-TYu2L+TGhmNsXCtByont89u+ATQLcDy6A+++PwLXYunRtOm7XnaD+65s1pvewaOxMYR0eOkMXn9/i0saBxxpnQ==",
      "dev": true,
      "requires": {
        "fsevents": "~2.3.2"
      }
    },
    "seedrandom": {
      "version": "3.0.5",
      "resolved": "https://registry.npmjs.org/seedrandom/-/seedrandom-3.0.5.tgz",
      "integrity": "sha512-8OwmbklUNzwezjGInmZ+2clQmExQPvomqjL7LFqOYqtmuxRgQYqOD3mHaU+MvZn5FLUeVxVfQjwLZW/n/JFuqg=="
    },
    "wikipedia-color-names": {
      "version": "1.8.1",
      "resolved": "https://registry.npmjs.org/wikipedia-color-names/-/wikipedia-color-names-1.8.1.tgz",
      "integrity": "sha512-MJghsstTaQyeBccwkBJJjx09xA08BsEwzI/re5rpEXfCoyfnclOVAsb6QTs9E/LeOx/vj6PzXkQRDObU3xlhHQ=="
    }
  }
}
